
Microsoft Visual Studio Solution File, Format Version 12.00
# Visual Studio Version 16
VisualStudioVersion = 16.0.31129.286
MinimumVisualStudioVersion = 10.0.40219.1
Project("{FAE04EC0-301F-11D3-BF4B-00C04F79EFBC}") = "Dataopp", "Dataopp\Dataopp.csproj", "{1DCC4B5C-58AE-4A8D-B7F6-1736759EF5A4}"
EndProject
Global
	GlobalSection(SolutionConfigurationPlatforms) = preSolution
		Debug|Any CPU = Debug|Any CPU
		Release|Any CPU = Release|Any CPU
	EndGlobalSection
	GlobalSection(ProjectConfigurationPlatforms) = postSolution
		{1DCC4B5C-58AE-4A8D-B7F6-1736759EF5A4}.Debug|Any CPU.ActiveCfg = Debug|Any CPU
		{1DCC4B5C-58AE-4A8D-B7F6-1736759EF5A4}.Debug|Any CPU.Build.0 = Debug|Any CPU
		{1DCC4B5C-58AE-4A8D-B7F6-1736759EF5A4}.Release|Any CPU.ActiveCfg = Release|Any CPU
		{1DCC4B5C-58AE-4A8D-B7F6-1736759EF5A4}.Release|Any CPU.Build.0 = Release|Any CPU
	EndGlobalSection
	GlobalSection(SolutionProperties) = preSolution
		HideSolutionNode = FALSE
	EndGlobalSection
	GlobalSection(ExtensibilityGlobals) = postSolution
		SolutionGuid = {CFC579F0-FB43-4F2C-9834-93B62915C9C0}
	EndGlobalSection
EndGlobal
